Microsoft Visual Studio Solution File, Format Version 12.00
# Visual Studio Version 17
VisualStudioVersion = 17.3.32519.111
MinimumVisualStudioVersion = 10.0.40219.1
Project("{2150E333-8FDC-42A3-9474-1A3956D46DE8}") = "Mobile", "Mobile", "{BA9E6A61-3143-42DF-9669-97F7F557B7A2}"
EndProject
Project("{2150E333-8FDC-42A3-9474-1A3956D46DE8}") = "Backend", "Backend", "{30BA162E-26D2-4B3D-9347-986271EF77A7}"
EndProject
Project("{2150E333-8FDC-42A3-9474-1A3956D46DE8}") = "Common", "Common", "{542E2517-3912-4324-B383-9F1FC42AA3CD}"
EndProject
Project("{2150E333-8FDC-42A3-9474-1A3956D46DE8}") = "Solution Items", "Solution Items", "{277A4FFB-91D3-4028-A47C-C39726594FC1}"
	ProjectSection(SolutionItems) = preProject
		.editorconfig = .editorconfig
		Directory.Build.props = Directory.Build.props
		Directory.Build.targets = Directory.Build.targets
		global.json = global.json
		Directory.Packages.props = Directory.Packages.props
	EndProjectSection
EndProject
Project("{FAE04EC0-301F-11D3-BF4B-00C04F79EFBC}") = "GitTrends.UITests", "GitTrends.UITests\GitTrends.UITests.csproj", "{F8F450DD-09C2-4BDD-B46B-A81BDAEC25BE}"
EndProject
Project("{9A19103F-16F7-4668-BE54-9A1E7A4F7556}") = "GitTrends.Mobile.Common", "GitTrends.Mobile.Common\GitTrends.Mobile.Common.csproj", "{936AEAD4-A683-44AD-A903-F3196454C244}"
EndProject
Project("{9A19103F-16F7-4668-BE54-9A1E7A4F7556}") = "GitTrends.Functions", "GitTrends.Functions\GitTrends.Functions.csproj", "{CFACA73E-79DF-4F7C-AC9C-84B60F014D30}"
EndProject
Project("{2150E333-8FDC-42A3-9474-1A3956D46DE8}") = "Old", "Old", "{D22640FA-D287-4D63-B6F4-2253FDCF599D}"
EndProject
Project("{9A19103F-16F7-4668-BE54-9A1E7A4F7556}") = "GitTrends", "GitTrends\GitTrends.csproj", "{EA0540A6-B98B-450C-B7EB-447FBEDD8D29}"
EndProject
Project("{9A19103F-16F7-4668-BE54-9A1E7A4F7556}") = "GitTrends.UnitTests", "GitTrends.UnitTests\GitTrends.UnitTests.csproj", "{3F251717-44E1-4F06-BD04-6B231C84E202}"
EndProject
Project("{FAE04EC0-301F-11D3-BF4B-00C04F79EFBC}") = "GitTrends.Common", "GitTrends.Common\GitTrends.Common.csproj", "{DF80C010-E4FD-4D5A-BE25-D6FAD6E04915}"
EndProject
Global
	GlobalSection(SolutionConfigurationPlatforms) = preSolution
		AppStore|Any CPU = AppStore|Any CPU
		Debug|Any CPU = Debug|Any CPU
		Release|Any CPU = Release|Any CPU
	EndGlobalSection
	GlobalSection(ProjectConfigurationPlatforms) = postSolution
		{F8F450DD-09C2-4BDD-B46B-A81BDAEC25BE}.AppStore|Any CPU.ActiveCfg = Release|Any CPU
		{F8F450DD-09C2-4BDD-B46B-A81BDAEC25BE}.Debug|Any CPU.ActiveCfg = Debug|Any CPU
		{F8F450DD-09C2-4BDD-B46B-A81BDAEC25BE}.Release|Any CPU.ActiveCfg = Release|Any CPU
		{936AEAD4-A683-44AD-A903-F3196454C244}.AppStore|Any CPU.ActiveCfg = AppStore|Any CPU
		{936AEAD4-A683-44AD-A903-F3196454C244}.AppStore|Any CPU.Build.0 = AppStore|Any CPU
		{936AEAD4-A683-44AD-A903-F3196454C244}.Debug|Any CPU.ActiveCfg = Debug|Any CPU
		{936AEAD4-A683-44AD-A903-F3196454C244}.Debug|Any CPU.Build.0 = Debug|Any CPU
		{936AEAD4-A683-44AD-A903-F3196454C244}.Release|Any CPU.ActiveCfg = Release|Any CPU
		{936AEAD4-A683-44AD-A903-F3196454C244}.Release|Any CPU.Build.0 = Release|Any CPU
		{CFACA73E-79DF-4F7C-AC9C-84B60F014D30}.AppStore|Any CPU.ActiveCfg = Release|Any CPU
		{CFACA73E-79DF-4F7C-AC9C-84B60F014D30}.AppStore|Any CPU.Build.0 = Release|Any CPU
		{CFACA73E-79DF-4F7C-AC9C-84B60F014D30}.Debug|Any CPU.ActiveCfg = Debug|Any CPU
		{CFACA73E-79DF-4F7C-AC9C-84B60F014D30}.Debug|Any CPU.Build.0 = Debug|Any CPU
		{CFACA73E-79DF-4F7C-AC9C-84B60F014D30}.Release|Any CPU.ActiveCfg = Release|Any CPU
		{CFACA73E-79DF-4F7C-AC9C-84B60F014D30}.Release|Any CPU.Build.0 = Release|Any CPU
		{EA0540A6-B98B-450C-B7EB-447FBEDD8D29}.AppStore|Any CPU.ActiveCfg = AppStore|Any CPU
		{EA0540A6-B98B-450C-B7EB-447FBEDD8D29}.AppStore|Any CPU.Build.0 = AppStore|Any CPU
		{EA0540A6-B98B-450C-B7EB-447FBEDD8D29}.AppStore|Any CPU.Deploy.0 = AppStore|Any CPU
		{EA0540A6-B98B-450C-B7EB-447FBEDD8D29}.Debug|Any CPU.ActiveCfg = Debug|Any CPU
		{EA0540A6-B98B-450C-B7EB-447FBEDD8D29}.Debug|Any CPU.Build.0 = Debug|Any CPU
		{EA0540A6-B98B-450C-B7EB-447FBEDD8D29}.Debug|Any CPU.Deploy.0 = Debug|Any CPU
		{EA0540A6-B98B-450C-B7EB-447FBEDD8D29}.Release|Any CPU.ActiveCfg = Release|Any CPU
		{EA0540A6-B98B-450C-B7EB-447FBEDD8D29}.Release|Any CPU.Build.0 = Release|Any CPU
		{EA0540A6-B98B-450C-B7EB-447FBEDD8D29}.Release|Any CPU.Deploy.0 = Release|Any CPU
		{3F251717-44E1-4F06-BD04-6B231C84E202}.AppStore|Any CPU.ActiveCfg = Debug|Any CPU
		{3F251717-44E1-4F06-BD04-6B231C84E202}.Debug|Any CPU.ActiveCfg = Debug|Any CPU
		{3F251717-44E1-4F06-BD04-6B231C84E202}.Debug|Any CPU.Build.0 = Debug|Any CPU
		{3F251717-44E1-4F06-BD04-6B231C84E202}.Release|Any CPU.ActiveCfg = Release|Any CPU
		{3F251717-44E1-4F06-BD04-6B231C84E202}.Release|Any CPU.Build.0 = Release|Any CPU
		{DF80C010-E4FD-4D5A-BE25-D6FAD6E04915}.AppStore|Any CPU.ActiveCfg = Debug|Any CPU
		{DF80C010-E4FD-4D5A-BE25-D6FAD6E04915}.AppStore|Any CPU.Build.0 = Debug|Any CPU
		{DF80C010-E4FD-4D5A-BE25-D6FAD6E04915}.Debug|Any CPU.ActiveCfg = Debug|Any CPU
		{DF80C010-E4FD-4D5A-BE25-D6FAD6E04915}.Debug|Any CPU.Build.0 = Debug|Any CPU
		{DF80C010-E4FD-4D5A-BE25-D6FAD6E04915}.Release|Any CPU.ActiveCfg = Release|Any CPU
		{DF80C010-E4FD-4D5A-BE25-D6FAD6E04915}.Release|Any CPU.Build.0 = Release|Any CPU
	EndGlobalSection
	GlobalSection(SolutionProperties) = preSolution
		HideSolutionNode = FALSE
	EndGlobalSection
	GlobalSection(NestedProjects) = preSolution
		{F8F450DD-09C2-4BDD-B46B-A81BDAEC25BE} = {D22640FA-D287-4D63-B6F4-2253FDCF599D}
		{936AEAD4-A683-44AD-A903-F3196454C244} = {BA9E6A61-3143-42DF-9669-97F7F557B7A2}
		{CFACA73E-79DF-4F7C-AC9C-84B60F014D30} = {30BA162E-26D2-4B3D-9347-986271EF77A7}
		{D22640FA-D287-4D63-B6F4-2253FDCF599D} = {BA9E6A61-3143-42DF-9669-97F7F557B7A2}
		{EA0540A6-B98B-450C-B7EB-447FBEDD8D29} = {BA9E6A61-3143-42DF-9669-97F7F557B7A2}
		{3F251717-44E1-4F06-BD04-6B231C84E202} = {BA9E6A61-3143-42DF-9669-97F7F557B7A2}
		{DF80C010-E4FD-4D5A-BE25-D6FAD6E04915} = {542E2517-3912-4324-B383-9F1FC42AA3CD}
	EndGlobalSection
	GlobalSection(ExtensibilityGlobals) = postSolution
		SolutionGuid = {C9CC4446-8D01-4DD5-90B3-0A650B0DE0DD}
	EndGlobalSection
EndGlobal
